// !$*UTF8*$!
{
	archiveVersion = 1;
	classes = {
	};
	objectVersion = 46;
	objects = {

/* Begin PBXBuildFile section */
		9C48753715AAADB500E86D7E /* UIKit.framework in Frameworks */ = {isa = PBXBuildFile; fileRef = 9C48753615AAADB500E86D7E /* UIKit.framework */; };
		9C48753915AAADB500E86D7E /* Foundation.framework in Frameworks */ = {isa = PBXBuildFile; fileRef = 9C48753815AAADB500E86D7E /* Foundation.framework */; };
		9C48753B15AAADB500E86D7E /* CoreGraphics.framework in Frameworks */ = {isa = PBXBuildFile; fileRef = 9C48753A15AAADB500E86D7E /* CoreGraphics.framework */; };
		9C48754115AAADB500E86D7E /* InfoPlist.strings in Resources */ = {isa = PBXBuildFile; fileRef = 9C48753F15AAADB500E86D7E /* InfoPlist.strings */; };
		9C48754315AAADB500E86D7E /* main.m in Sources */ = {isa = PBXBuildFile; fileRef = 9C48754215AAADB500E86D7E /* main.m */; };
		9C48754715AAADB500E86D7E /* JKPIAppDelegate.m in Sources */ = {isa = PBXBuildFile; fileRef = 9C48754615AAADB500E86D7E /* JKPIAppDelegate.m */; };
		9C48754A15AAADB500E86D7E /* JKPIViewController.m in Sources */ = {isa = PBXBuildFile; fileRef = 9C48754915AAADB500E86D7E /* JKPIViewController.m */; };
		9C48754D15AAADB500E86D7E /* JKPIViewController_iPhone.xib in Resources */ = {isa = PBXBuildFile; fileRef = 9C48754B15AAADB500E86D7E /* JKPIViewController_iPhone.xib */; };
		9C48755015AAADB500E86D7E /* JKPIViewController_iPad.xib in Resources */ = {isa = PBXBuildFile; fileRef = 9C48754E15AAADB500E86D7E /* JKPIViewController_iPad.xib */; };
/* End PBXBuildFile section */

/* Begin PBXFileReference section */
		9C48753215AAADB500E86D7E /* PhotoImporter.app */ = {isa = PBXFileReference; explicitFileType = wrapper.application; includeInIndex = 0; path = PhotoImporter.app; sourceTree = BUILT_PRODUCTS_DIR; };
		9C48753615AAADB500E86D7E /* UIKit.framework */ = {isa = PBXFileReference; lastKnownFileType = wrapper.framework; name = UIKit.framework; path = System/Library/Frameworks/UIKit.framework; sourceTree = SDKROOT; };
		9C48753815AAADB500E86D7E /* Foundation.framework */ = {isa = PBXFileReference; lastKnownFileType = wrapper.framework; name = Foundation.framework; path = System/Library/Frameworks/Foundation.framework; sourceTree = SDKROOT; };
		9C48753A15AAADB500E86D7E /* CoreGraphics.framework */ = {isa = PBXFileReference; lastKnownFileType = wrapper.framework; name = CoreGraphics.framework; path = System/Library/Frameworks/CoreGraphics.framework; sourceTree = SDKROOT; };
		9C48753E15AAADB500E86D7E /* PhotoImporter-Info.plist */ = {isa = PBXFileReference; path = "PhotoImporter-Info.plist"; sourceTree = "<group>"; };
		9C48754015AAADB500E86D7E /* en */ = {isa = PBXFileReference; lastKnownFileType = text.plist.strings; name = en; path = en.lproj/InfoPlist.strings; sourceTree = "<group>"; };
		9C48754215AAADB500E86D7E /* main.m */ = {isa = PBXFileReference; lastKnownFileType = sourcecode.c.objc; path = main.m; sourceTree = "<group>"; };
		9C48754415AAADB500E86D7E /* PhotoImporter-Prefix.pch */ = {isa = PBXFileReference; path = "PhotoImporter-Prefix.pch"; sourceTree = "<group>"; };
		9C48754515AAADB500E86D7E /* JKPIAppDelegate.h */ = {isa = PBXFileReference; path = JKPIAppDelegate.h; sourceTree = "<group>"; };
		9C48754615AAADB500E86D7E /* JKPIAppDelegate.m */ = {isa = PBXFileReference; lastKnownFileType = sourcecode.c.objc; path = JKPIAppDelegate.m; sourceTree = "<group>"; };
		9C48754815AAADB500E86D7E /* JKPIViewController.h */ = {isa = PBXFileReference; path = JKPIViewController.h; sourceTree = "<group>"; };
		9C48754915AAADB500E86D7E /* JKPIViewController.m */ = {isa = PBXFileReference; lastKnownFileType = sourcecode.c.objc; path = JKPIViewController.m; sourceTree = "<group>"; };
		9C48754C15AAADB500E86D7E /* en */ = {isa = PBXFileReference; lastKnownFileType = file.xib; name = en; path = en.lproj/JKPIViewController_iPhone.xib; sourceTree = "<group>"; };
		9C48754F15AAADB500E86D7E /* en */ = {isa = PBXFileReference; lastKnownFileType = file.xib; name = en; path = en.lproj/JKPIViewController_iPad.xib; sourceTree = "<group>"; };
/* End PBXFileReference section */

/* Begin PBXFrameworksBuildPhase section */
		9C48752F15AAADB500E86D7E /* Frameworks */ = {
			isa = PBXFrameworksBuildPhase;
			buildActionMask = 2147483647;
			files = (
				9C48753715AAADB500E86D7E /* UIKit.framework in Frameworks */,
				9C48753915AAADB500E86D7E /* Foundation.framework in Frameworks */,
				9C48753B15AAADB500E86D7E /* CoreGraphics.framework in Frameworks */,
			);
			runOnlyForDeploymentPostprocessing = 0;
		};
/* End PBXFrameworksBuildPhase section */

/* Begin PBXGroup section */
		9C48752715AAADB500E86D7E = {
			isa = PBXGroup;
			children = (
				9C48753C15AAADB500E86D7E /* PhotoImporter */,
				9C48753515AAADB500E86D7E /* Frameworks */,
				9C48753315AAADB500E86D7E /* Products */,
			);
			sourceTree = "<group>";
		};
		9C48753315AAADB500E86D7E /* Products */ = {
			isa = PBXGroup;
			children = (
				9C48753215AAADB500E86D7E /* PhotoImporter.app */,
			);
			name = Products;
			sourceTree = "<group>";
		};
		9C48753515AAADB500E86D7E /* Frameworks */ = {
			isa = PBXGroup;
			children = (
				9C48753615AAADB500E86D7E /* UIKit.framework */,
				9C48753815AAADB500E86D7E /* Foundation.framework */,
				9C48753A15AAADB500E86D7E /* CoreGraphics.framework */,
			);
			name = Frameworks;
			sourceTree = "<group>";
		};
		9C48753C15AAADB500E86D7E /* PhotoImporter */ = {
			isa = PBXGroup;
			children = (
				9C48754515AAADB500E86D7E /* JKPIAppDelegate.h */,
				9C48754615AAADB500E86D7E /* JKPIAppDelegate.m */,
				9C48754815AAADB500E86D7E /* JKPIViewController.h */,
				9C48754915AAADB500E86D7E /* JKPIViewController.m */,
				9C48754B15AAADB500E86D7E /* JKPIViewController_iPhone.xib */,
				9C48754E15AAADB500E86D7E /* JKPIViewController_iPad.xib */,
				9C48753D15AAADB500E86D7E /* Supporting Files */,
			);
			path = PhotoImporter;
			sourceTree = "<group>";
		};
		9C48753D15AAADB500E86D7E /* Supporting Files */ = {
			isa = PBXGroup;
			children = (
				9C48753E15AAADB500E86D7E /* PhotoImporter-Info.plist */,
				9C48753F15AAADB500E86D7E /* InfoPlist.strings */,
				9C48754215AAADB500E86D7E /* main.m */,
				9C48754415AAADB500E86D7E /* PhotoImporter-Prefix.pch */,
			);
			name = "Supporting Files";
			sourceTree = "<group>";
		};
/* End PBXGroup section */

/* Begin PBXNativeTarget section */
		9C48753115AAADB500E86D7E /* PhotoImporter */ = {
			isa = PBXNativeTarget;
			buildConfigurationList = 9C48755315AAADB500E86D7E /* Build configuration list for PBXNativeTarget "PhotoImporter" */;
			buildPhases = (
				9C48752E15AAADB500E86D7E /* Sources */,
				9C48752F15AAADB500E86D7E /* Frameworks */,
				9C48753015AAADB500E86D7E /* Resources */,
			);
			buildRules = (
			);
			dependencies = (
			);
			name = PhotoImporter;
			productName = PhotoImporter;
			productReference = 9C48753215AAADB500E86D7E /* PhotoImporter.app */;
			productType = "com.apple.product-type.application";
		};
/* End PBXNativeTarget section */

/* Begin PBXProject section */
		9C48752915AAADB500E86D7E /* Project object */ = {
			isa = PBXProject;
			attributes = {
				CLASSPREFIX = JKPI;
				LastUpgradeCheck = 0430;
				ORGANIZATIONNAME = "Joseph Kain";
			};
			buildConfigurationList = 9C48752C15AAADB500E86D7E /* Build configuration list for PBXProject "PhotoImporter" */;
			compatibilityVersion = "Xcode 3.2";
			developmentRegion = English;
			hasScannedForEncodings = 0;
			knownRegions = (
				en,
			);
			mainGroup = 9C48752715AAADB500E86D7E;
			productRefGroup = 9C48753315AAADB500E86D7E /* Products */;
			projectDirPath = "";
			projectRoot = "";
			targets = (
				9C48753115AAADB500E86D7E /* PhotoImporter */,
			);
		};
/* End PBXProject section */

/* Begin PBXResourcesBuildPhase section */
		9C48753015AAADB500E86D7E /* Resources */ = {
			isa = PBXResourcesBuildPhase;
			buildActionMask = 2147483647;
			files = (
				9C48754115AAADB500E86D7E /* InfoPlist.strings in Resources */,
				9C48754D15AAADB500E86D7E /* JKPIViewController_iPhone.xib in Resources */,
				9C48755015AAADB500E86D7E /* JKPIViewController_iPad.xib in Resources */,
			);
			runOnlyForDeploymentPostprocessing = 0;
		};
/* End PBXResourcesBuildPhase section */

/* Begin PBXSourcesBuildPhase section */
		9C48752E15AAADB500E86D7E /* Sources */ = {
			isa = PBXSourcesBuildPhase;
			buildActionMask = 2147483647;
			files = (
				9C48754315AAADB500E86D7E /* main.m in Sources */,
				9C48754715AAADB500E86D7E /* JKPIAppDelegate.m in Sources */,
				9C48754A15AAADB500E86D7E /* JKPIViewController.m in Sources */,
			);
			runOnlyForDeploymentPostprocessing = 0;
		};
/* End PBXSourcesBuildPhase section */

/* Begin PBXVariantGroup section */
		9C48753F15AAADB500E86D7E /* InfoPlist.strings */ = {
			isa = PBXVariantGroup;
			children = (
				9C48754015AAADB500E86D7E /* en */,
			);
			name = InfoPlist.strings;
			sourceTree = "<group>";
		};
		9C48754B15AAADB500E86D7E /* JKPIViewController_iPhone.xib */ = {
			isa = PBXVariantGroup;
			children = (
				9C48754C15AAADB500E86D7E /* en */,
			);
			name = JKPIViewController_iPhone.xib;
			sourceTree = "<group>";
		};
		9C48754E15AAADB500E86D7E /* JKPIViewController_iPad.xib */ = {
			isa = PBXVariantGroup;
			children = (
				9C48754F15AAADB500E86D7E /* en */,
			);
			name = JKPIViewController_iPad.xib;
			sourceTree = "<group>";
		};
/* End PBXVariantGroup section */

/* Begin XCBuildConfiguration section */
		9C48755115AAADB500E86D7E /* Debug */ = {
			isa = XCBuildConfiguration;
			buildSettings = {
				ALWAYS_SEARCH_USER_PATHS = NO;
				ARCHS = "$(ARCHS_STANDARD_32_BIT)";
				CLANG_ENABLE_OBJC_ARC = YES;
				"CODE_SIGN_IDENTITY[sdk=iphoneos*]" = "iPhone Developer";
				COPY_PHASE_STRIP = NO;
				GCC_C_LANGUAGE_STANDARD = gnu99;
				GCC_DYNAMIC_NO_PIC = NO;
				GCC_OPTIMIZATION_LEVEL = 0;
				GCC_PREPROCESSOR_DEFINITIONS = (
					"DEBUG=1",
					"$(inherited)",
				);
				GCC_SYMBOLS_PRIVATE_EXTERN = NO;
				GCC_VERSION = com.apple.compilers.llvm.clang.1_0;
				GCC_WARN_ABOUT_RETURN_TYPE = YES;
				GCC_WARN_UNINITIALIZED_AUTOS = YES;
				GCC_WARN_UNUSED_VARIABLE = YES;
				IPHONEOS_DEPLOYMENT_TARGET = 5.1;
				SDKROOT = iphoneos;
				TARGETED_DEVICE_FAMILY = "1,2";
			};
			name = Debug;
		};
		9C48755215AAADB500E86D7E /* Release */ = {
			isa = XCBuildConfiguration;
			buildSettings = {
				ALWAYS_SEARCH_USER_PATHS = NO;
				ARCHS = "$(ARCHS_STANDARD_32_BIT)";
				CLANG_ENABLE_OBJC_ARC = YES;
				"CODE_SIGN_IDENTITY[sdk=iphoneos*]" = "iPhone Developer";
				COPY_PHASE_STRIP = YES;
				GCC_C_LANGUAGE_STANDARD = gnu99;
				GCC_VERSION = com.apple.compilers.llvm.clang.1_0;
				GCC_WARN_ABOUT_RETURN_TYPE = YES;
				GCC_WARN_UNINITIALIZED_AUTOS = YES;
				GCC_WARN_UNUSED_VARIABLE = YES;
				IPHONEOS_DEPLOYMENT_TARGET = 5.1;
				OTHER_CFLAGS = "-DNS_BLOCK_ASSERTIONS=1";
				SDKROOT = iphoneos;
				TARGETED_DEVICE_FAMILY = "1,2";
				VALIDATE_PRODUCT = YES;
			};
			name = Release;
		};
		9C48755415AAADB500E86D7E /* Debug */ = {
			isa = XCBuildConfiguration;
			buildSettings = {
				GCC_PRECOMPILE_PREFIX_HEADER = YES;
				GCC_PREFIX_HEADER = "PhotoImporter/PhotoImporter-Prefix.pch";
				INFOPLIST_FILE = "PhotoImporter/PhotoImporter-Info.plist";
				PRODUCT_NAME = "$(TARGET_NAME)";
				WRAPPER_EXTENSION = app;
			};
			name = Debug;
		};
		9C48755515AAADB500E86D7E /* Release */ = {
			isa = XCBuildConfiguration;
			buildSettings = {
				GCC_PRECOMPILE_PREFIX_HEADER = YES;
				GCC_PREFIX_HEADER = "PhotoImporter/PhotoImporter-Prefix.pch";
				INFOPLIST_FILE = "PhotoImporter/PhotoImporter-Info.plist";
				PRODUCT_NAME = "$(TARGET_NAME)";
				WRAPPER_EXTENSION = app;
			};
			name = Release;
		};
/* End XCBuildConfiguration section */

/* Begin XCConfigurationList section */
		9C48752C15AAADB500E86D7E /* Build configuration list for PBXProject "PhotoImporter" */ = {
			isa = XCConfigurationList;
			buildConfigurations = (
				9C48755115AAADB500E86D7E /* Debug */,
				9C48755215AAADB500E86D7E /* Release */,
			);
			defaultConfigurationIsVisible = 0;
			defaultConfigurationName = Release;
		};
		9C48755315AAADB500E86D7E /* Build configuration list for PBXNativeTarget "PhotoImporter" */ = {
			isa = XCConfigurationList;
			buildConfigurations = (
				9C48755415AAADB500E86D7E /* Debug */,
				9C48755515AAADB500E86D7E /* Release */,
			);
			defaultConfigurationIsVisible = 0;
		};
/* End XCConfigurationList section */
	};
	rootObject = 9C48752915AAADB500E86D7E /* Project object */;
}
